version = 1
revision = 1
requires-python = ">=3.13"

[[package]]
name = "anyio"
version = "4.9.0"
source = { registry = "https://pypi.org/simple" }
dependencies = [
    { name = "idna" },
    { name = "sniffio" },
]
sdist = { url = "https://files.pythonhosted.org/packages/95/7d/4c1bd541d4dffa1b52bd83fb8527089e097a106fc90b467a7313b105f840/anyio-4.9.0.tar.gz", hash = "sha256:673c0c244e15788651a4ff38710fea9675823028a6f08a5eda409e0c9840a028", size = 190949 }
wheels = [
    { url = "https://files.pythonhosted.org/packages/a1/ee/48ca1a7c89ffec8b6a0c5d02b89c305671d5ffd8d3c94acf8b8c408575bb/anyio-4.9.0-py3-none-any.whl", hash = "sha256:9f76d541cad6e36af7beb62e978876f3b41e3e04f2c1fbf0884604c0a9c4d93c", size = 100916 },
]

[[package]]
name = "attrs"
version = "25.3.0"
source = { registry = "https://pypi.org/simple" }
sdist = { url = "https://files.pythonhosted.org/packages/5a/b0/1367933a8532ee6ff8d63537de4f1177af4bff9f3e829baf7331f595bb24/attrs-25.3.0.tar.gz", hash = "sha256:75d7cefc7fb576747b2c81b4442d4d4a1ce0900973527c011d1030fd3bf4af1b", size = 812032 }
wheels = [
    { url = "https://files.pythonhosted.org/packages/77/06/bb80f5f86020c4551da315d78b3ab75e8228f89f0162f2c3a819e407941a/attrs-25.3.0-py3-none-any.whl", hash = "sha256:427318ce031701fea540783410126f03899a97ffc6f61596ad581ac2e40e3bc3", size = 63815 },
]

[[package]]
name = "click"
version = "8.1.8"
source = { registry = "https://pypi.org/simple" }
dependencies = [
    { name = "colorama", marker = "sys_platform == 'win32'" },
]
sdist = { url = "https://files.pythonhosted.org/packages/b9/2e/0090cbf739cee7d23781ad4b89a9894a41538e4fcf4c31dcdd705b78eb8b/click-8.1.8.tar.gz", hash = "sha256:ed53c9d8990d83c2a27deae68e4ee337473f6330c040a31d4225c9574d16096a", size = 226593 }
wheels = [
    { url = "https://files.pythonhosted.org/packages/7e/d4/7ebdbd03970677812aac39c869717059dbb71a4cfc033ca6e5221787892c/click-8.1.8-py3-none-any.whl", hash = "sha256:63c132bbbed01578a06712a2d1f497bb62d9c1c0d329b7903a866228027263b2", size = 98188 },
]

[[package]]
name = "colorama"
version = "0.4.6"
source = { registry = "https://pypi.org/simple" }
sdist = { url = "https://files.pythonhosted.org/packages/d8/53/6f443c9a4a8358a93a6792e2acffb9d9d5cb0a5cfd8802644b7b1c9a02e4/colorama-0.4.6.tar.gz", hash = "sha256:08695f5cb7ed6e0531a20572697297273c47b8cae5a63ffc6d6ed5c201be6e44", size = 27697 }
wheels = [
    { url = "https://files.pythonhosted.org/packages/d1/d6/3965ed04c63042e047cb6a3e6ed1a63a35087b6a609aa3a15ed8ac56c221/colorama-0.4.6-py2.py3-none-any.whl", hash = "sha256:4f1d9991f5acc0ca119f9d443620b77f9d6b33703e51011c16baf57afb285fc6", size = 25335 },
]

[[package]]
name = "dacite"
version = "1.9.2"
source = { registry = "https://pypi.org/simple" }
sdist = { url = "https://files.pythonhosted.org/packages/55/a0/7ca79796e799a3e782045d29bf052b5cde7439a2bbb17f15ff44f7aacc63/dacite-1.9.2.tar.gz", hash = "sha256:6ccc3b299727c7aa17582f0021f6ae14d5de47c7227932c47fec4cdfefd26f09", size = 22420 }
wheels = [
    { url = "https://files.pythonhosted.org/packages/94/35/386550fd60316d1e37eccdda609b074113298f23cef5bddb2049823fe666/dacite-1.9.2-py3-none-any.whl", hash = "sha256:053f7c3f5128ca2e9aceb66892b1a3c8936d02c686e707bee96e19deef4bc4a0", size = 16600 },
]

[[package]]
name = "fastdl"
version = "0.1.0"
source = { editable = "." }
dependencies = [
    { name = "dacite" },
    { name = "srctools" },
    { name = "starlette" },
]

[package.dev-dependencies]
dev = [
    { name = "uvicorn" },
]
docker = [
    { name = "uvicorn" },
]

[package.metadata]
requires-dist = [
    { name = "dacite", specifier = ">=1.9.2" },
    { name = "srctools", specifier = ">=2.5.0" },
    { name = "starlette", specifier = ">=0.46.2" },
]

[package.metadata.requires-dev]
dev = [{ name = "uvicorn", specifier = ">=0.34.1" }]
docker = [{ name = "uvicorn", specifier = ">=0.34.1" }]

[[package]]
name = "h11"
version = "0.14.0"
source = { registry = "https://pypi.org/simple" }
sdist = { url = "https://files.pythonhosted.org/packages/f5/38/3af3d3633a34a3316095b39c8e8fb4853a28a536e55d347bd8d8e9a14b03/h11-0.14.0.tar.gz", hash = "sha256:8f19fbbe99e72420ff35c00b27a34cb9937e902a8b810e2c88300c6f0a3b699d", size = 100418 }
wheels = [
    { url = "https://files.pythonhosted.org/packages/95/04/ff642e65ad6b90db43e668d70ffb6736436c7ce41fcc549f4e9472234127/h11-0.14.0-py3-none-any.whl", hash = "sha256:e3fe4ac4b851c468cc8363d500db52c2ead036020723024a109d37346efaa761", size = 58259 },
]

[[package]]
name = "idna"
version = "3.10"
source = { registry = "https://pypi.org/simple" }
sdist = { url = "https://files.pythonhosted.org/packages/f1/70/7703c29685631f5a7590aa73f1f1d3fa9a380e654b86af429e0934a32f7d/idna-3.10.tar.gz", hash = "sha256:12f65c9b470abda6dc35cf8e63cc574b1c52b11df2c86030af0ac09b01b13ea9", size = 190490 }
wheels = [
    { url = "https://files.pythonhosted.org/packages/76/c6/c88e154df9c4e1a2a66ccf0005a88dfb2650c1dffb6f5ce603dfbd452ce3/idna-3.10-py3-none-any.whl", hash = "sha256:946d195a0d259cbba61165e88e65941f16e9b36ea6ddb97f00452bae8b1287d3", size = 70442 },
]

[[package]]
name = "importlib-resources"
version = "6.5.2"
source = { registry = "https://pypi.org/simple" }
sdist = { url = "https://files.pythonhosted.org/packages/cf/8c/f834fbf984f691b4f7ff60f50b514cc3de5cc08abfc3295564dd89c5e2e7/importlib_resources-6.5.2.tar.gz", hash = "sha256:185f87adef5bcc288449d98fb4fba07cea78bc036455dd44c5fc4a2fe78fed2c", size = 44693 }
wheels = [
    { url = "https://files.pythonhosted.org/packages/a4/ed/1f1afb2e9e7f38a545d628f864d562a5ae64fe6f7a10e28ffb9b185b4e89/importlib_resources-6.5.2-py3-none-any.whl", hash = "sha256:789cfdc3ed28c78b67a06acb8126751ced69a3d5f79c095a98298cd8a760ccec", size = 37461 },
]

[[package]]
name = "sniffio"
version = "1.3.1"
source = { registry = "https://pypi.org/simple" }
sdist = { url = "https://files.pythonhosted.org/packages/a2/87/a6771e1546d97e7e041b6ae58d80074f81b7d5121207425c964ddf5cfdbd/sniffio-1.3.1.tar.gz", hash = "sha256:f4324edc670a0f49750a81b895f35c3adb843cca46f0530f79fc1babb23789dc", size = 20372 }
wheels = [
    { url = "https://files.pythonhosted.org/packages/e9/44/75a9c9421471a6c4805dbf2356f7c181a29c1879239abab1ea2cc8f38b40/sniffio-1.3.1-py3-none-any.whl", hash = "sha256:2f6da418d1f1e0fddd844478f41680e794e6051915791a034ff65e5f100525a2", size = 10235 },
]

[[package]]
name = "srctools"
version = "2.5.0"
source = { registry = "https://pypi.org/simple" }
dependencies = [
    { name = "attrs" },
    { name = "importlib-resources" },
    { name = "typing-extensions" },
    { name = "useful-types" },
]
sdist = { url = "https://files.pythonhosted.org/packages/5c/58/8c2c895dfbd20c63943c2043cc47246f0c5990d634c88030bb31803b973d/srctools-2.5.0.tar.gz", hash = "sha256:18b93cee7e9ac24a1a3e01efe8dc6cf73b6b324e54b6e4a972709c85f4f9ab5f", size = 2092940 }
wheels = [
    { url = "https://files.pythonhosted.org/packages/6a/fc/a5e3e94bedfb34ac164dc59ddf0c63683757b73edd2b2fb5793b539b0bba/srctools-2.5.0-cp313-cp313-macosx_10_13_x86_64.whl", hash = "sha256:5df590a5a87ae363c216abd46cf2e10a5e0d54dc2d9ebbf4603ffd9a29b886e7", size = 934030 },
    { url = "https://files.pythonhosted.org/packages/38/ed/ba233b400bdd09fff6ec7dcd3816975aa1dda1f85c0ddda7e8147b89f7e6/srctools-2.5.0-cp313-cp313-manylinux_2_17_x86_64.manylinux2014_x86_64.whl", hash = "sha256:2f7fc0266ff6d06aef41544dd8c0e894a1e28bd1865a0f2a32c7fde6b8eeaedd", size = 989439 },
    { url = "https://files.pythonhosted.org/packages/af/0c/861041a5c7c348ef35df1c052f2284c97b2d4281379d23f4a075c5fd8cbe/srctools-2.5.0-cp313-cp313-musllinux_1_2_x86_64.whl", hash = "sha256:9fc5897e6f677d3d3b3477975d585dccc9ba69e557aef447ad11a4591cfccd5b", size = 2004029 },
    { url = "https://files.pythonhosted.org/packages/46/27/bce0f4c559a106a79cb53e203f93fede05aa6b4a0228b692549b33c5d010/srctools-2.5.0-cp313-cp313-win_amd64.whl", hash = "sha256:1ad9f917cb830b96df3515727999445b6c8e3a6e63a0687f22f485fa970938d1", size = 877379 },
]

[[package]]
name = "starlette"
version = "0.46.2"
source = { registry = "https://pypi.org/simple" }
dependencies = [
    { name = "anyio" },
]
sdist = { url = "https://files.pythonhosted.org/packages/ce/20/08dfcd9c983f6a6f4a1000d934b9e6d626cff8d2eeb77a89a68eef20a2b7/starlette-0.46.2.tar.gz", hash = "sha256:7f7361f34eed179294600af672f565727419830b54b7b084efe44bb82d2fccd5", size = 2580846 }
wheels = [
    { url = "https://files.pythonhosted.org/packages/8b/0c/9d30a4ebeb6db2b25a841afbb80f6ef9a854fc3b41be131d249a977b4959/starlette-0.46.2-py3-none-any.whl", hash = "sha256:595633ce89f8ffa71a015caed34a5b2dc1c0cdb3f0f1fbd1e69339cf2abeec35", size = 72037 },
]

[[package]]
name = "typing-extensions"
version = "4.13.2"
source = { registry = "https://pypi.org/simple" }
sdist = { url = "https://files.pythonhosted.org/packages/f6/37/23083fcd6e35492953e8d2aaaa68b860eb422b34627b13f2ce3eb6106061/typing_extensions-4.13.2.tar.gz", hash = "sha256:e6c81219bd689f51865d9e372991c540bda33a0379d5573cddb9a3a23f7caaef", size = 106967 }
wheels = [
    { url = "https://files.pythonhosted.org/packages/8b/54/b1ae86c0973cc6f0210b53d508ca3641fb6d0c56823f288d108bc7ab3cc8/typing_extensions-4.13.2-py3-none-any.whl", hash = "sha256:a439e7c04b49fec3e5d3e2beaa21755cadbbdc391694e28ccdd36ca4a1408f8c", size = 45806 },
]

[[package]]
name = "useful-types"
version = "0.2.1"
source = { registry = "https://pypi.org/simple" }
dependencies = [
    { name = "typing-extensions" },
]
sdist = { url = "https://files.pythonhosted.org/packages/92/d6/0d6db1f8766e9b5e7ec259666c40ceae6bbb9326caf50e08717639e167b7/useful_types-0.2.1.tar.gz", hash = "sha256:870a0bcc8fcb7d0b2f14055438c1cab7e248fded942b0943a4d7019e7fbbdacd", size = 4748 }
wheels = [
    { url = "https://files.pythonhosted.org/packages/13/23/c194fd6c6258727f694e22b106c262c7d2678049dbc2d2045743e235f43a/useful_types-0.2.1-py3-none-any.whl", hash = "sha256:0dca32763d7271b5c8c7c395c44c10d09dba47a41aec97dcb085041ad096e0e9", size = 5382 },
]

[[package]]
name = "uvicorn"
version = "0.34.1"
source = { registry = "https://pypi.org/simple" }
dependencies = [
    { name = "click" },
    { name = "h11" },
]
sdist = { url = "https://files.pythonhosted.org/packages/86/37/dd92f1f9cedb5eaf74d9999044306e06abe65344ff197864175dbbd91871/uvicorn-0.34.1.tar.gz", hash = "sha256:af981725fc4b7ffc5cb3b0e9eda6258a90c4b52cb2a83ce567ae0a7ae1757afc", size = 76755 }
wheels = [
    { url = "https://files.pythonhosted.org/packages/5f/38/a5801450940a858c102a7ad9e6150146a25406a119851c993148d56ab041/uvicorn-0.34.1-py3-none-any.whl", hash = "sha256:984c3a8c7ca18ebaad15995ee7401179212c59521e67bfc390c07fa2b8d2e065", size = 62404 },
]
